
Microsoft Visual Studio Solution File, Format Version 12.00
# Visual Studio 15
VisualStudioVersion = 15.0.27130.2036
MinimumVisualStudioVersion = 10.0.40219.1
Project("{FAE04EC0-301F-11D3-BF4B-00C04F79EFBC}") = "CharSet", "CharSet\CharSet.csproj", "{8C082F98-7BAD-47DE-97AA-382DF5C1F11B}"
EndProject
Global
	GlobalSection(SolutionConfigurationPlatforms) = preSolution
		Debug|Any CPU = Debug|Any CPU
		Release|Any CPU = Release|Any CPU
	EndGlobalSection
	GlobalSection(ProjectConfigurationPlatforms) = postSolution
		{8C082F98-7BAD-47DE-97AA-382DF5C1F11B}.Debug|Any CPU.ActiveCfg = Debug|Any CPU
		{8C082F98-7BAD-47DE-97AA-382DF5C1F11B}.Debug|Any CPU.Build.0 = Debug|Any CPU
		{8C082F98-7BAD-47DE-97AA-382DF5C1F11B}.Release|Any CPU.ActiveCfg = Release|Any CPU
		{8C082F98-7BAD-47DE-97AA-382DF5C1F11B}.Release|Any CPU.Build.0 = Release|Any CPU
	EndGlobalSection
	GlobalSection(SolutionProperties) = preSolution
		HideSolutionNode = FALSE
	EndGlobalSection
	GlobalSection(ExtensibilityGlobals) = postSolution
		SolutionGuid = {DBA04DA0-2BAE-4AA0-AA65-4D35BD31C659}
	EndGlobalSection
	GlobalSection(TeamFoundationVersionControl) = preSolution
		SccNumberOfProjects = 2
		SccEnterpriseProvider = {4CA58AB2-18FA-4F8D-95D4-32DDF27D184C}
		SccTeamFoundationServer = https://wilsontp.visualstudio.com/
		SccLocalPath0 = .
		SccProjectUniqueName1 = CharSet\\CharSet.csproj
		SccProjectName1 = CharSet
		SccLocalPath1 = CharSet
	EndGlobalSection
EndGlobal
